
Microsoft Visual Studio Solution File, Format Version 12.00
# Visual Studio 15
VisualStudioVersion = 15.0.28307.1738
MinimumVisualStudioVersion = 10.0.40219.1
Project("{FC65038C-1B2F-41E1-A629-BED71D161FFF}") = "CD_164_FWFeature794SalesOrderPackingSlip (VAR) [CD_Customization]", "CD_164_FWFeature794SalesOrderPackingSlip.rnrproj", "{3369EEDD-D8AA-46B9-9729-82C12A5CA6FF}"
EndProject
Global
	GlobalSection(SolutionConfigurationPlatforms) = preSolution
		Debug|Any CPU = Debug|Any CPU
	EndGlobalSection
	GlobalSection(ProjectConfigurationPlatforms) = postSolution
		{3369EEDD-D8AA-46B9-9729-82C12A5CA6FF}.Debug|Any CPU.ActiveCfg = Debug|Any CPU
		{3369EEDD-D8AA-46B9-9729-82C12A5CA6FF}.Debug|Any CPU.Build.0 = Debug|Any CPU
	EndGlobalSection
	GlobalSection(SolutionProperties) = preSolution
		HideSolutionNode = FALSE
	EndGlobalSection
	GlobalSection(ExtensibilityGlobals) = postSolution
		SolutionGuid = {A1B1691A-8C91-4FE8-8756-ED498010AB50}
	EndGlobalSection
	GlobalSection(TeamFoundationVersionControl) = preSolution
		SccNumberOfProjects = 2
		SccEnterpriseProvider = {4CA58AB2-18FA-4F8D-95D4-32DDF27D184C}
		SccTeamFoundationServer = https://cd300.visualstudio.com/
		SccProjectUniqueName0 = CD_164_FWFeature794SalesOrderPackingSlip.rnrproj
		SccLocalPath0 = .
		SccLocalPath1 = .
	EndGlobalSection
EndGlobal
